
Microsoft Visual Studio Solution File, Format Version 12.00
# Visual Studio Version 17
VisualStudioVersion = 17.14.36327.8
MinimumVisualStudioVersion = 10.0.40219.1
Project("{FAE04EC0-301F-11D3-BF4B-00C04F79EFBC}") = "DH_Visualizer_v2_iteration1_basic", "DH_Visualizer_v2_iteration1_basic.csproj", "{64CAF222-4076-472C-A21D-47C2A5E76703}"
EndProject
Global
	GlobalSection(SolutionConfigurationPlatforms) = preSolution
		Debug|Any CPU = Debug|Any CPU
		Release|Any CPU = Release|Any CPU
	EndGlobalSection
	GlobalSection(ProjectConfigurationPlatforms) = postSolution
		{64CAF222-4076-472C-A21D-47C2A5E76703}.Debug|Any CPU.ActiveCfg = Debug|Any CPU
		{64CAF222-4076-472C-A21D-47C2A5E76703}.Debug|Any CPU.Build.0 = Debug|Any CPU
		{64CAF222-4076-472C-A21D-47C2A5E76703}.Release|Any CPU.ActiveCfg = Release|Any CPU
		{64CAF222-4076-472C-A21D-47C2A5E76703}.Release|Any CPU.Build.0 = Release|Any CPU
	EndGlobalSection
	GlobalSection(SolutionProperties) = preSolution
		HideSolutionNode = FALSE
	EndGlobalSection
	GlobalSection(ExtensibilityGlobals) = postSolution
		SolutionGuid = {7875314C-A471-42C1-AA15-50AF0F7861BD}
	EndGlobalSection
EndGlobal
